{
  "name": "frontend",
  "version": "0.0.0",
  "lockfileVersion": 1,
  "requires": true,
  "dependencies": {
    "bson": {
      "version": "1.1.0",
      "resolved": "https://registry.npmjs.org/bson/-/bson-1.1.0.tgz",
      "integrity": "sha512-9Aeai9TacfNtWXOYarkFJRW2CWo+dRon+fuLZYJmvLV3+MiUp0bEI6IAZfXEIg7/Pl/7IWlLaDnhzTsD81etQA=="
    },
    "cookie-parser": {
      "version": "1.4.3",
      "resolved": "http://registry.npm.taobao.org/cookie-parser/download/cookie-parser-1.4.3.tgz",
      "dependencies": {
        "cookie": {
          "version": "http://registry.npm.taobao.org/cookie/download/cookie-0.3.1.tgz",
          "bundled": true
        },
        "cookie-signature": {
          "version": "http://registry.npm.taobao.org/cookie-signature/download/cookie-signature-1.0.6.tgz",
          "bundled": true
        }
      }
    },
    "debug": {
      "version": "2.6.9",
      "resolved": "http://registry.npm.taobao.org/debug/download/debug-2.6.9.tgz",
      "dependencies": {
        "ms": {
          "version": "http://registry.npm.taobao.org/ms/download/ms-2.0.0.tgz",
          "bundled": true
        }
      }
    },
    "express": {
      "version": "4.16.4",
      "resolved": "http://registry.npm.taobao.org/express/download/express-4.16.4.tgz",
      "requires": {
        "debug": "2.6.9",
        "path-to-regexp": "0.1.7",
        "safe-buffer": "5.1.2",
        "utils-merge": "1.0.1"
      },
      "dependencies": {
        "accepts": {
          "version": "http://registry.npm.taobao.org/accepts/download/accepts-1.3.5.tgz",
          "bundled": true,
          "dependencies": {
            "mime-types": {
              "version": "http://registry.npm.taobao.org/mime-types/download/mime-types-2.1.21.tgz",
              "bundled": true,
              "dependencies": {
                "mime-db": {
                  "version": "http://registry.npm.taobao.org/mime-db/download/mime-db-1.37.0.tgz",
                  "bundled": true
                }
              }
            },
            "negotiator": {
              "version": "http://registry.npm.taobao.org/negotiator/download/negotiator-0.6.1.tgz",
              "bundled": true
            }
          }
        },
        "array-flatten": {
          "version": "http://registry.npm.taobao.org/array-flatten/download/array-flatten-1.1.1.tgz",
          "bundled": true
        },
        "body-parser": {
          "version": "http://registry.npm.taobao.org/body-parser/download/body-parser-1.18.3.tgz",
          "bundled": true
        },
        "content-disposition": {
          "version": "http://registry.npm.taobao.org/content-disposition/download/content-disposition-0.5.2.tgz",
          "bundled": true
        },
        "content-type": {
          "version": "http://registry.npm.taobao.org/content-type/download/content-type-1.0.4.tgz",
          "bundled": true
        },
        "cookie": {
          "version": "http://registry.npm.taobao.org/cookie/download/cookie-0.3.1.tgz",
          "bundled": true
        },
        "cookie-signature": {
          "version": "http://registry.npm.taobao.org/cookie-signature/download/cookie-signature-1.0.6.tgz",
          "bundled": true
        },
        "debug": {
          "version": "http://registry.npm.taobao.org/debug/download/debug-2.6.9.tgz",
          "bundled": true,
          "dependencies": {
            "ms": {
              "version": "http://registry.npm.taobao.org/ms/download/ms-2.0.0.tgz",
              "bundled": true
            }
          }
        },
        "depd": {
          "version": "http://registry.npm.taobao.org/depd/download/depd-1.1.2.tgz",
          "bundled": true
        },
        "encodeurl": {
          "version": "http://registry.npm.taobao.org/encodeurl/download/encodeurl-1.0.2.tgz",
          "bundled": true
        },
        "escape-html": {
          "version": "http://registry.npm.taobao.org/escape-html/download/escape-html-1.0.3.tgz",
          "bundled": true
        },
        "etag": {
          "version": "http://registry.npm.taobao.org/etag/download/etag-1.8.1.tgz",
          "bundled": true
        },
        "finalhandler": {
          "version": "http://registry.npm.taobao.org/finalhandler/download/finalhandler-1.1.1.tgz",
          "bundled": true
        },
        "fresh": {
          "version": "http://registry.npm.taobao.org/fresh/download/fresh-0.5.2.tgz",
          "bundled": true
        },
        "merge-descriptors": {
          "version": "http://registry.npm.taobao.org/merge-descriptors/download/merge-descriptors-1.0.1.tgz",
          "bundled": true
        },
        "methods": {
          "version": "http://registry.npm.taobao.org/methods/download/methods-1.1.2.tgz",
          "bundled": true
        },
        "on-finished": {
          "version": "http://registry.npm.taobao.org/on-finished/download/on-finished-2.3.0.tgz",
          "bundled": true,
          "dependencies": {
            "ee-first": {
              "version": "http://registry.npm.taobao.org/ee-first/download/ee-first-1.1.1.tgz",
              "bundled": true
            }
          }
        },
        "parseurl": {
          "version": "http://registry.npm.taobao.org/parseurl/download/parseurl-1.3.2.tgz",
          "bundled": true
        },
        "path-to-regexp": {
          "version": "http://registry.npm.taobao.org/path-to-regexp/download/path-to-regexp-0.1.7.tgz",
          "bundled": true
        },
        "proxy-addr": {
          "version": "http://registry.npm.taobao.org/proxy-addr/download/proxy-addr-2.0.4.tgz",
          "bundled": true
        },
        "qs": {
          "version": "http://registry.npm.taobao.org/qs/download/qs-6.5.2.tgz",
          "bundled": true
        },
        "range-parser": {
          "version": "http://registry.npm.taobao.org/range-parser/download/range-parser-1.2.0.tgz",
          "bundled": true
        },
        "safe-buffer": {
          "version": "http://registry.npm.taobao.org/safe-buffer/download/safe-buffer-5.1.2.tgz",
          "bundled": true
        },
        "send": {
          "version": "http://registry.npm.taobao.org/send/download/send-0.16.2.tgz",
          "bundled": true
        },
        "serve-static": {
          "version": "http://registry.npm.taobao.org/serve-static/download/serve-static-1.13.2.tgz",
          "bundled": true
        },
        "setprototypeof": {
          "version": "http://registry.npm.taobao.org/setprototypeof/download/setprototypeof-1.1.0.tgz",
          "bundled": true
        },
        "statuses": {
          "version": "http://registry.npm.taobao.org/statuses/download/statuses-1.4.0.tgz",
          "bundled": true
        },
        "type-is": {
          "version": "http://registry.npm.taobao.org/type-is/download/type-is-1.6.16.tgz",
          "bundled": true,
          "dependencies": {
            "media-typer": {
              "version": "http://registry.npm.taobao.org/media-typer/download/media-typer-0.3.0.tgz",
              "bundled": true
            },
            "mime-types": {
              "version": "http://registry.npm.taobao.org/mime-types/download/mime-types-2.1.21.tgz",
              "bundled": true,
              "dependencies": {
                "mime-db": {
                  "version": "http://registry.npm.taobao.org/mime-db/download/mime-db-1.37.0.tgz",
                  "bundled": true
                }
              }
            }
          }
        },
        "utils-merge": {
          "version": "http://registry.npm.taobao.org/utils-merge/download/utils-merge-1.0.1.tgz",
          "bundled": true
        },
        "vary": {
          "version": "http://registry.npm.taobao.org/vary/download/vary-1.1.2.tgz",
          "bundled": true
        }
      }
    },
    "http-errors": {
      "version": "1.6.3",
      "resolved": "http://registry.npm.taobao.org/http-errors/download/http-errors-1.6.3.tgz",
      "dependencies": {
        "depd": {
          "version": "http://registry.npm.taobao.org/depd/download/depd-1.1.2.tgz",
          "bundled": true
        },
        "inherits": {
          "version": "http://registry.npm.taobao.org/inherits/download/inherits-2.0.3.tgz",
          "bundled": true
        },
        "setprototypeof": {
          "version": "http://registry.npm.taobao.org/setprototypeof/download/setprototypeof-1.1.0.tgz",
          "bundled": true
        },
        "statuses": {
          "version": "http://registry.npm.taobao.org/statuses/download/statuses-1.5.0.tgz",
          "bundled": true
        }
      }
    },
    "memory-pager": {
      "version": "1.3.1",
      "resolved": "https://registry.npmjs.org/memory-pager/-/memory-pager-1.3.1.tgz",
      "integrity": "sha512-pUf/sGkym2WqFZYTVmdASnSbNfpGc9rwxEHOePx4lT/fD+NHGL1U16Uy4o6PMiVcDv4mp6MI/vaF0c/Kd1QEUQ==",
      "optional": true
    },
    "mongodb": {
      "version": "3.1.10",
      "resolved": "https://registry.npmjs.org/mongodb/-/mongodb-3.1.10.tgz",
      "integrity": "sha512-Uml42GeFxhTGQVml1XQ4cD0o/rp7J2ROy0fdYUcVitoE7vFqEhKH4TYVqRDpQr/bXtCJVxJdNQC1ntRxNREkPQ==",
      "requires": {
        "mongodb-core": "3.1.9",
        "safe-buffer": "^5.1.2"
      }
    },
    "mongodb-core": {
      "version": "3.1.9",
      "resolved": "https://registry.npmjs.org/mongodb-core/-/mongodb-core-3.1.9.tgz",
      "integrity": "sha512-MJpciDABXMchrZphh3vMcqu8hkNf/Mi+Gk6btOimVg1XMxLXh87j6FAvRm+KmwD1A9fpu3qRQYcbQe4egj23og==",
      "requires": {
        "bson": "^1.1.0",
        "require_optional": "^1.0.1",
        "safe-buffer": "^5.1.2",
        "saslprep": "^1.0.0"
      }
    },
    "morgan": {
      "version": "1.9.1",
      "resolved": "http://registry.npm.taobao.org/morgan/download/morgan-1.9.1.tgz",
      "requires": {
        "debug": "2.6.9"
      },
      "dependencies": {
        "basic-auth": {
          "version": "http://registry.npm.taobao.org/basic-auth/download/basic-auth-2.0.1.tgz",
          "bundled": true
        },
        "debug": {
          "version": "http://registry.npm.taobao.org/debug/download/debug-2.6.9.tgz",
          "bundled": true,
          "dependencies": {
            "ms": {
              "version": "http://registry.npm.taobao.org/ms/download/ms-2.0.0.tgz",
              "bundled": true
            }
          }
        },
        "depd": {
          "version": "http://registry.npm.taobao.org/depd/download/depd-1.1.2.tgz",
          "bundled": true
        },
        "on-finished": {
          "version": "http://registry.npm.taobao.org/on-finished/download/on-finished-2.3.0.tgz",
          "bundled": true,
          "dependencies": {
            "ee-first": {
              "version": "http://registry.npm.taobao.org/ee-first/download/ee-first-1.1.1.tgz",
              "bundled": true
            }
          }
        },
        "on-headers": {
          "version": "http://registry.npm.taobao.org/on-headers/download/on-headers-1.0.1.tgz",
          "bundled": true
        }
      }
    },
    "node-sass-middleware": {
      "version": "0.11.0",
      "resolved": "http://registry.npm.taobao.org/node-sass-middleware/download/node-sass-middleware-0.11.0.tgz"
    },
    "path-to-regexp": {
      "version": "0.1.7",
      "resolved": "http://registry.npm.taobao.org/path-to-regexp/download/path-to-regexp-0.1.7.tgz"
    },
    "postcss-middleware": {
      "version": "1.1.4",
      "resolved": "http://registry.npm.taobao.org/postcss-middleware/download/postcss-middleware-1.1.4.tgz",
      "dependencies": {
        "gulp-concat": {
          "version": "http://registry.npm.taobao.org/gulp-concat/download/gulp-concat-2.6.1.tgz",
          "bundled": true,
          "dependencies": {
            "concat-with-sourcemaps": {
              "version": "http://registry.npm.taobao.org/concat-with-sourcemaps/download/concat-with-sourcemaps-1.1.0.tgz",
              "bundled": true
            },
            "through2": {
              "version": "http://registry.npm.taobao.org/through2/download/through2-2.0.5.tgz",
              "bundled": true,
              "dependencies": {
                "readable-stream": {
                  "version": "http://registry.npm.taobao.org/readable-stream/download/readable-stream-2.3.6.tgz",
                  "bundled": true,
                  "dependencies": {
                    "core-util-is": {
                      "version": "http://registry.npm.taobao.org/core-util-is/download/core-util-is-1.0.2.tgz",
                      "bundled": true
                    },
                    "inherits": {
                      "version": "http://registry.npm.taobao.org/inherits/download/inherits-2.0.3.tgz",
                      "bundled": true
                    },
                    "isarray": {
                      "version": "http://registry.npm.taobao.org/isarray/download/isarray-1.0.0.tgz",
                      "bundled": true
                    },
                    "process-nextick-args": {
                      "version": "http://registry.npm.taobao.org/process-nextick-args/download/process-nextick-args-2.0.0.tgz",
                      "bundled": true
                    },
                    "safe-buffer": {
                      "version": "http://registry.npm.taobao.org/safe-buffer/download/safe-buffer-5.1.2.tgz",
                      "bundled": true
                    },
                    "string_decoder": {
                      "version": "http://registry.npm.taobao.org/string_decoder/download/string_decoder-1.1.1.tgz",
                      "bundled": true
                    },
                    "util-deprecate": {
                      "version": "http://registry.npm.taobao.org/util-deprecate/download/util-deprecate-1.0.2.tgz",
                      "bundled": true
                    }
                  }
                },
                "xtend": {
                  "version": "http://registry.npm.taobao.org/xtend/download/xtend-4.0.1.tgz",
                  "bundled": true
                }
              }
            },
            "vinyl": {
              "version": "http://registry.npm.taobao.org/vinyl/download/vinyl-2.2.0.tgz",
              "bundled": true
            }
          }
        },
        "gulp-if": {
          "version": "http://registry.npm.taobao.org/gulp-if/download/gulp-if-2.0.2.tgz",
          "bundled": true
        },
        "gulp-plumber": {
          "version": "http://registry.npm.taobao.org/gulp-plumber/download/gulp-plumber-1.2.1.tgz",
          "bundled": true
        },
        "gulp-postcss": {
          "version": "http://registry.npm.taobao.org/gulp-postcss/download/gulp-postcss-7.0.1.tgz",
          "bundled": true,
          "dependencies": {
            "fancy-log": {
              "version": "http://registry.npm.taobao.org/fancy-log/download/fancy-log-1.3.3.tgz",
              "bundled": true,
              "dependencies": {
                "ansi-gray": {
                  "version": "http://registry.npm.taobao.org/ansi-gray/download/ansi-gray-0.1.1.tgz",
                  "bundled": true
                },
                "color-support": {
                  "version": "http://registry.npm.taobao.org/color-support/download/color-support-1.1.3.tgz",
                  "bundled": true
                },
                "parse-node-version": {
                  "version": "http://registry.npm.taobao.org/parse-node-version/download/parse-node-version-1.0.0.tgz",
                  "bundled": true
                },
                "time-stamp": {
                  "version": "http://registry.npm.taobao.org/time-stamp/download/time-stamp-1.1.0.tgz",
                  "bundled": true
                }
              }
            },
            "plugin-error": {
              "version": "http://registry.npm.taobao.org/plugin-error/download/plugin-error-0.1.2.tgz",
              "bundled": true
            },
            "postcss": {
              "version": "http://registry.npm.taobao.org/postcss/download/postcss-6.0.23.tgz",
              "bundled": true
            },
            "postcss-load-config": {
              "version": "http://registry.npm.taobao.org/postcss-load-config/download/postcss-load-config-1.2.0.tgz",
              "bundled": true
            },
            "vinyl-sourcemaps-apply": {
              "version": "http://registry.npm.taobao.org/vinyl-sourcemaps-apply/download/vinyl-sourcemaps-apply-0.2.1.tgz",
              "bundled": true
            }
          }
        },
        "gulp-sourcemaps": {
          "version": "http://registry.npm.taobao.org/gulp-sourcemaps/download/gulp-sourcemaps-2.6.4.tgz",
          "bundled": true,
          "dependencies": {
            "@gulp-sourcemaps/identity-map": {
              "version": "http://registry.npm.taobao.org/@gulp-sourcemaps/identity-map/download/@gulp-sourcemaps/identity-map-1.0.2.tgz",
              "bundled": true,
              "dependencies": {
                "acorn": {
                  "version": "http://registry.npm.taobao.org/acorn/download/acorn-5.7.3.tgz",
                  "bundled": true
                },
                "css": {
                  "version": "http://registry.npm.taobao.org/css/download/css-2.2.4.tgz",
                  "bundled": true
                },
                "normalize-path": {
                  "version": "http://registry.npm.taobao.org/normalize-path/download/normalize-path-2.1.1.tgz",
                  "bundled": true,
                  "dependencies": {
                    "remove-trailing-separator": {
                      "version": "http://registry.npm.taobao.org/remove-trailing-separator/download/remove-trailing-separator-1.1.0.tgz",
                      "bundled": true
                    }
                  }
                },
                "source-map": {
                  "version": "http://registry.npm.taobao.org/source-map/download/source-map-0.6.1.tgz",
                  "bundled": true
                },
                "through2": {
                  "version": "http://registry.npm.taobao.org/through2/download/through2-2.0.5.tgz",
                  "bundled": true,
                  "dependencies": {
                    "readable-stream": {
                      "version": "http://registry.npm.taobao.org/readable-stream/download/readable-stream-2.3.6.tgz",
                      "bundled": true,
                      "dependencies": {}
                    },
                    "xtend": {
                      "version": "http://registry.npm.taobao.org/xtend/download/xtend-4.0.1.tgz",
                      "bundled": true
                    }
                  }
                }
              }
            },
            "@gulp-sourcemaps/map-sources": {
              "version": "http://registry.npm.taobao.org/@gulp-sourcemaps/map-sources/download/@gulp-sourcemaps/map-sources-1.0.0.tgz",
              "bundled": true
            },
            "acorn": {
              "version": "http://registry.npm.taobao.org/acorn/download/acorn-5.7.3.tgz",
              "bundled": true
            },
            "convert-source-map": {
              "version": "http://registry.npm.taobao.org/convert-source-map/download/convert-source-map-1.6.0.tgz",
              "bundled": true,
              "dependencies": {
                "safe-buffer": {
                  "version": "http://registry.npm.taobao.org/safe-buffer/download/safe-buffer-5.1.2.tgz",
                  "bundled": true
                }
              }
            },
            "css": {
              "version": "http://registry.npm.taobao.org/css/download/css-2.2.4.tgz",
              "bundled": true,
              "dependencies": {
                "inherits": {
                  "version": "http://registry.npm.taobao.org/inherits/download/inherits-2.0.3.tgz",
                  "bundled": true
                },
                "source-map": {
                  "version": "http://registry.npm.taobao.org/source-map/download/source-map-0.6.1.tgz",
                  "bundled": true
                },
                "source-map-resolve": {
                  "version": "http://registry.npm.taobao.org/source-map-resolve/download/source-map-resolve-0.5.2.tgz",
                  "bundled": true
                },
                "urix": {
                  "version": "http://registry.npm.taobao.org/urix/download/urix-0.1.0.tgz",
                  "bundled": true
                }
              }
            },
            "debug-fabulous": {
              "version": "http://registry.npm.taobao.org/debug-fabulous/download/debug-fabulous-1.1.0.tgz",
              "bundled": true
            },
            "detect-newline": {
              "version": "http://registry.npm.taobao.org/detect-newline/download/detect-newline-2.1.0.tgz",
              "bundled": true
            },
            "graceful-fs": {
              "version": "http://registry.npm.taobao.org/graceful-fs/download/graceful-fs-4.1.15.tgz",
              "bundled": true
            },
            "source-map": {
              "version": "http://registry.npm.taobao.org/source-map/download/source-map-0.6.1.tgz",
              "bundled": true
            },
            "strip-bom-string": {
              "version": "http://registry.npm.taobao.org/strip-bom-string/download/strip-bom-string-1.0.0.tgz",
              "bundled": true
            },
            "through2": {
              "version": "http://registry.npm.taobao.org/through2/download/through2-2.0.5.tgz",
              "bundled": true,
              "dependencies": {
                "readable-stream": {
                  "version": "http://registry.npm.taobao.org/readable-stream/download/readable-stream-2.3.6.tgz",
                  "bundled": true,
                  "dependencies": {}
                },
                "xtend": {
                  "version": "http://registry.npm.taobao.org/xtend/download/xtend-4.0.1.tgz",
                  "bundled": true
                }
              }
            }
          }
        },
        "gulp-tap": {
          "version": "http://registry.npm.taobao.org/gulp-tap/download/gulp-tap-1.0.1.tgz",
          "bundled": true
        },
        "vinyl-fs": {
          "version": "http://registry.npm.taobao.org/vinyl-fs/download/vinyl-fs-2.4.4.tgz",
          "bundled": true
        }
      }
    },
    "pug": {
      "version": "2.0.0-beta11",
      "resolved": "http://registry.npm.taobao.org/pug/download/pug-2.0.0-beta11.tgz",
      "dependencies": {
        "pug-code-gen": {
          "version": "http://registry.npm.taobao.org/pug-code-gen/download/pug-code-gen-1.1.1.tgz",
          "bundled": true
        },
        "pug-filters": {
          "version": "http://registry.npm.taobao.org/pug-filters/download/pug-filters-2.1.5.tgz",
          "bundled": true
        },
        "pug-lexer": {
          "version": "http://registry.npm.taobao.org/pug-lexer/download/pug-lexer-3.1.0.tgz",
          "bundled": true
        },
        "pug-linker": {
          "version": "http://registry.npm.taobao.org/pug-linker/download/pug-linker-2.0.3.tgz",
          "bundled": true
        },
        "pug-load": {
          "version": "http://registry.npm.taobao.org/pug-load/download/pug-load-2.0.11.tgz",
          "bundled": true
        },
        "pug-parser": {
          "version": "http://registry.npm.taobao.org/pug-parser/download/pug-parser-2.0.2.tgz",
          "bundled": true
        },
        "pug-runtime": {
          "version": "http://registry.npm.taobao.org/pug-runtime/download/pug-runtime-2.0.4.tgz",
          "bundled": true
        },
        "pug-strip-comments": {
          "version": "http://registry.npm.taobao.org/pug-strip-comments/download/pug-strip-comments-1.0.3.tgz",
          "bundled": true
        }
      }
    },
    "require_optional": {
      "version": "1.0.1",
      "resolved": "https://registry.npmjs.org/require_optional/-/require_optional-1.0.1.tgz",
      "integrity": "sha512-qhM/y57enGWHAe3v/NcwML6a3/vfESLe/sGM2dII+gEO0BpKRUkWZow/tyloNqJyN6kXSl3RyyM8Ll5D/sJP8g==",
      "requires": {
        "resolve-from": "^2.0.0",
        "semver": "^5.1.0"
      }
    },
    "resolve-from": {
      "version": "2.0.0",
      "resolved": "https://registry.npmjs.org/resolve-from/-/resolve-from-2.0.0.tgz",
      "integrity": "sha1-lICrIOlP+h2egKgEx+oUdhGWa1c="
    },
    "safe-buffer": {
      "version": "5.1.2",
      "resolved": "http://registry.npm.taobao.org/safe-buffer/download/safe-buffer-5.1.2.tgz"
    },
    "saslprep": {
      "version": "1.0.2",
      "resolved": "https://registry.npmjs.org/saslprep/-/saslprep-1.0.2.tgz",
      "integrity": "sha512-4cDsYuAjXssUSjxHKRe4DTZC0agDwsCqcMqtJAQPzC74nJ7LfAJflAtC1Zed5hMzEQKj82d3tuzqdGNRsLJ4Gw==",
      "optional": true,
      "requires": {
        "sparse-bitfield": "^3.0.3"
      }
    },
    "semver": {
      "version": "5.3.0",
      "resolved": "http://registry.npm.taobao.org/semver/download/semver-5.3.0.tgz"
    },
    "sparse-bitfield": {
      "version": "3.0.3",
      "resolved": "https://registry.npmjs.org/sparse-bitfield/-/sparse-bitfield-3.0.3.tgz",
      "integrity": "sha1-/0rm5oZWBWuks+eSqzM004JzyhE=",
      "optional": true,
      "requires": {
        "memory-pager": "^1.0.2"
      }
    },
    "utils-merge": {
      "version": "1.0.1",
      "resolved": "http://registry.npm.taobao.org/utils-merge/download/utils-merge-1.0.1.tgz"
    }
  }
}
